{
  "originHash" : "6d6563cad7f83362649f510f9a40522817700f5c194dae705767990e0f12f0a7",
  "pins" : [
    {
      "identity" : "bluetoothinfoshare",
      "kind" : "remoteSourceControl",
      "location" : "https://github.com/bnDev05/BluetoothInfoShare.git",
      "state" : {
        "revision" : "d89f759bddb6d544f956eea2aa1a99e716faf32e",
        "version" : "1.0.9"
      }
    }
  ],
  "version" : 3
}
